
Microsoft Visual Studio Solution File, Format Version 12.00
# Visual Studio 15
VisualStudioVersion = 15.0.27703.2035
MinimumVisualStudioVersion = 10.0.40219.1
Project("{FAE04EC0-301F-11D3-BF4B-00C04F79EFBC}") = "DexpensAutoTests", "DexpensAutoTests\DexpensAutoTests.csproj", "{F0312F43-F586-43D9-861B-54A31EEFC10B}"
EndProject
Global
	GlobalSection(SolutionConfigurationPlatforms) = preSolution
		Debug|Any CPU = Debug|Any CPU
		Release|Any CPU = Release|Any CPU
	EndGlobalSection
	GlobalSection(ProjectConfigurationPlatforms) = postSolution
		{F0312F43-F586-43D9-861B-54A31EEFC10B}.Debug|Any CPU.ActiveCfg = Debug|Any CPU
		{F0312F43-F586-43D9-861B-54A31EEFC10B}.Debug|Any CPU.Build.0 = Debug|Any CPU
		{F0312F43-F586-43D9-861B-54A31EEFC10B}.Release|Any CPU.ActiveCfg = Release|Any CPU
		{F0312F43-F586-43D9-861B-54A31EEFC10B}.Release|Any CPU.Build.0 = Release|Any CPU
	EndGlobalSection
	GlobalSection(SolutionProperties) = preSolution
		HideSolutionNode = FALSE
	EndGlobalSection
	GlobalSection(ExtensibilityGlobals) = postSolution
		SolutionGuid = {BDE166D7-ED4F-4721-BCD4-1AD2E60EE508}
	EndGlobalSection
EndGlobal
